
Microsoft Visual Studio Solution File, Format Version 12.00
# Visual Studio Version 16
VisualStudioVersion = 16.0.30907.101
MinimumVisualStudioVersion = 10.0.40219.1
Project("{FAE04EC0-301F-11D3-BF4B-00C04F79EFBC}") = "WebApplication3", "WebApplication3\WebApplication3.csproj", "{04C8A964-4B79-4637-B99C-47ECB7F6F4FC}"
EndProject
Global
	GlobalSection(SolutionConfigurationPlatforms) = preSolution
		Debug|Any CPU = Debug|Any CPU
		Release|Any CPU = Release|Any CPU
	EndGlobalSection
	GlobalSection(ProjectConfigurationPlatforms) = postSolution
		{04C8A964-4B79-4637-B99C-47ECB7F6F4FC}.Debug|Any CPU.ActiveCfg = Debug|Any CPU
		{04C8A964-4B79-4637-B99C-47ECB7F6F4FC}.Debug|Any CPU.Build.0 = Debug|Any CPU
		{04C8A964-4B79-4637-B99C-47ECB7F6F4FC}.Release|Any CPU.ActiveCfg = Release|Any CPU
		{04C8A964-4B79-4637-B99C-47ECB7F6F4FC}.Release|Any CPU.Build.0 = Release|Any CPU
	EndGlobalSection
	GlobalSection(SolutionProperties) = preSolution
		HideSolutionNode = FALSE
	EndGlobalSection
	GlobalSection(ExtensibilityGlobals) = postSolution
		SolutionGuid = {2A2D064B-F20E-4123-B225-BFDE3A5497B9}
	EndGlobalSection
EndGlobal
